
Microsoft Visual Studio Solution File, Format Version 12.00
# Visual Studio Version 16
VisualStudioVersion = 16.0.29709.97
MinimumVisualStudioVersion = 10.0.40219.1
Project("{FAE04EC0-301F-11D3-BF4B-00C04F79EFBC}") = "DebugIssueFramework", "DebugIssue\DebugIssueFramework.csproj", "{634BE7D4-AB42-411B-9C0F-5C54B9AE972A}"
EndProject
Project("{FAE04EC0-301F-11D3-BF4B-00C04F79EFBC}") = "IssueLibrary", "IssueLibrary\IssueLibrary.csproj", "{00DEA4B6-42F8-4272-B42F-850276362B36}"
EndProject
Project("{FAE04EC0-301F-11D3-BF4B-00C04F79EFBC}") = "DebugIssueCore", "DebugIssueCore\DebugIssueCore.csproj", "{70BF72AF-8FA3-41A5-801C-5A9CD9239027}"
EndProject
Global
	GlobalSection(SolutionConfigurationPlatforms) = preSolution
		Debug|Any CPU = Debug|Any CPU
		Release|Any CPU = Release|Any CPU
	EndGlobalSection
	GlobalSection(ProjectConfigurationPlatforms) = postSolution
		{634BE7D4-AB42-411B-9C0F-5C54B9AE972A}.Debug|Any CPU.ActiveCfg = Debug|Any CPU
		{634BE7D4-AB42-411B-9C0F-5C54B9AE972A}.Debug|Any CPU.Build.0 = Debug|Any CPU
		{634BE7D4-AB42-411B-9C0F-5C54B9AE972A}.Release|Any CPU.ActiveCfg = Release|Any CPU
		{634BE7D4-AB42-411B-9C0F-5C54B9AE972A}.Release|Any CPU.Build.0 = Release|Any CPU
		{00DEA4B6-42F8-4272-B42F-850276362B36}.Debug|Any CPU.ActiveCfg = Debug|Any CPU
		{00DEA4B6-42F8-4272-B42F-850276362B36}.Debug|Any CPU.Build.0 = Debug|Any CPU
		{00DEA4B6-42F8-4272-B42F-850276362B36}.Release|Any CPU.ActiveCfg = Release|Any CPU
		{00DEA4B6-42F8-4272-B42F-850276362B36}.Release|Any CPU.Build.0 = Release|Any CPU
		{70BF72AF-8FA3-41A5-801C-5A9CD9239027}.Debug|Any CPU.ActiveCfg = Debug|Any CPU
		{70BF72AF-8FA3-41A5-801C-5A9CD9239027}.Debug|Any CPU.Build.0 = Debug|Any CPU
		{70BF72AF-8FA3-41A5-801C-5A9CD9239027}.Release|Any CPU.ActiveCfg = Release|Any CPU
		{70BF72AF-8FA3-41A5-801C-5A9CD9239027}.Release|Any CPU.Build.0 = Release|Any CPU
	EndGlobalSection
	GlobalSection(SolutionProperties) = preSolution
		HideSolutionNode = FALSE
	EndGlobalSection
	GlobalSection(ExtensibilityGlobals) = postSolution
		SolutionGuid = {149946AD-275C-464A-BAC1-97337CEA3AD0}
	EndGlobalSection
EndGlobal
